// !$*UTF8*$!
{
	archiveVersion = 1;
	classes = {
	};
	objectVersion = 55;
	objects = {

/* Begin PBXBuildFile section */
		22A2C6142836179D0066AF0D /* MoneyManagerApp.swift in Sources */ = {isa = PBXBuildFile; fileRef = 22A2C6132836179D0066AF0D /* MoneyManagerApp.swift */; };
		22A2C6162836179D0066AF0D /* UserListView.swift in Sources */ = {isa = PBXBuildFile; fileRef = 22A2C6152836179D0066AF0D /* UserListView.swift */; };
		22A2C6182836179F0066AF0D /* Assets.xcassets in Resources */ = {isa = PBXBuildFile; fileRef = 22A2C6172836179F0066AF0D /* Assets.xcassets */; };
		22A2C61B2836179F0066AF0D /* Preview Assets.xcassets in Resources */ = {isa = PBXBuildFile; fileRef = 22A2C61A2836179F0066AF0D /* Preview Assets.xcassets */; };
		22A2C62328361CD00066AF0D /* UserCellView.swift in Sources */ = {isa = PBXBuildFile; fileRef = 22A2C62228361CD00066AF0D /* UserCellView.swift */; };
		22A2C625283624F30066AF0D /* UserModel.swift in Sources */ = {isa = PBXBuildFile; fileRef = 22A2C624283624F30066AF0D /* UserModel.swift */; };
		22A2C627283625560066AF0D /* UserViewModel.swift in Sources */ = {isa = PBXBuildFile; fileRef = 22A2C626283625560066AF0D /* UserViewModel.swift */; };
		22A2C62928362D7E0066AF0D /* AddButtonView.swift in Sources */ = {isa = PBXBuildFile; fileRef = 22A2C62828362D7E0066AF0D /* AddButtonView.swift */; };
		22A2C62F28362FB10066AF0D /* RealmManager.swift in Sources */ = {isa = PBXBuildFile; fileRef = 22A2C62E28362FB10066AF0D /* RealmManager.swift */; };
		22A2C633283631000066AF0D /* AddUserView.swift in Sources */ = {isa = PBXBuildFile; fileRef = 22A2C632283631000066AF0D /* AddUserView.swift */; };
		22FB19EE283DFEB0005DB4F9 /* DetailView.swift in Sources */ = {isa = PBXBuildFile; fileRef = 22FB19ED283DFEB0005DB4F9 /* DetailView.swift */; };
		22FB19F0283E10C8005DB4F9 /* DetailHeaderView.swift in Sources */ = {isa = PBXBuildFile; fileRef = 22FB19EF283E10C8005DB4F9 /* DetailHeaderView.swift */; };
		22FB19F3283E13AD005DB4F9 /* DetailViewModel.swift in Sources */ = {isa = PBXBuildFile; fileRef = 22FB19F2283E13AD005DB4F9 /* DetailViewModel.swift */; };
		22FB19F5283F0578005DB4F9 /* DetailCellView.swift in Sources */ = {isa = PBXBuildFile; fileRef = 22FB19F4283F0578005DB4F9 /* DetailCellView.swift */; };
		22FB19F9283F7345005DB4F9 /* DetailModel.swift in Sources */ = {isa = PBXBuildFile; fileRef = 22FB19F8283F7345005DB4F9 /* DetailModel.swift */; };
		22FB19FE2846F51B005DB4F9 /* UserInfo.swift in Sources */ = {isa = PBXBuildFile; fileRef = 22FB19FD2846F51B005DB4F9 /* UserInfo.swift */; };
		68329ABE29309F9A002B7905 /* AccountCellView.swift in Sources */ = {isa = PBXBuildFile; fileRef = 68329ABD29309F9A002B7905 /* AccountCellView.swift */; };
		68329AC02930A0F9002B7905 /* AccountHeaderView.swift in Sources */ = {isa = PBXBuildFile; fileRef = 68329ABF2930A0F9002B7905 /* AccountHeaderView.swift */; };
		684F139C2949A97200982455 /* PieChart.swift in Sources */ = {isa = PBXBuildFile; fileRef = 684F139B2949A97200982455 /* PieChart.swift */; };
		684F139E295150C100982455 /* ChartView.swift in Sources */ = {isa = PBXBuildFile; fileRef = 684F139D295150C100982455 /* ChartView.swift */; };
		684F13A129515C8600982455 /* ChartViewModel.swift in Sources */ = {isa = PBXBuildFile; fileRef = 684F13A029515C8600982455 /* ChartViewModel.swift */; };
		684F13A4295196FF00982455 /* SceneDelegate.swift in Sources */ = {isa = PBXBuildFile; fileRef = 684F13A3295196FF00982455 /* SceneDelegate.swift */; };
		684F13AA2951A51E00982455 /* ChartType.swift in Sources */ = {isa = PBXBuildFile; fileRef = 684F13A92951A51E00982455 /* ChartType.swift */; };
		684F13AF295295DE00982455 /* ChartHeaderView.swift in Sources */ = {isa = PBXBuildFile; fileRef = 684F13AE295295DE00982455 /* ChartHeaderView.swift */; };
		684F13B129554EBC00982455 /* DetailTools.swift in Sources */ = {isa = PBXBuildFile; fileRef = 684F13B029554EBC00982455 /* DetailTools.swift */; };
		684F22DD2924BD1300550E72 /* MemoView.swift in Sources */ = {isa = PBXBuildFile; fileRef = 684F22DC2924BD1300550E72 /* MemoView.swift */; };
		684F22DF2925B8D600550E72 /* MemoModel.swift in Sources */ = {isa = PBXBuildFile; fileRef = 684F22DE2925B8D600550E72 /* MemoModel.swift */; };
		6857476929135A1F00026B7C /* ExpensesGroupView.swift in Sources */ = {isa = PBXBuildFile; fileRef = 6857476829135A1F00026B7C /* ExpensesGroupView.swift */; };
		6857476C2913678600026B7C /* ExpensesFoodList.swift in Sources */ = {isa = PBXBuildFile; fileRef = 6857476B2913678600026B7C /* ExpensesFoodList.swift */; };
		68574770291391A600026B7C /* ExpensesClothingList.swift in Sources */ = {isa = PBXBuildFile; fileRef = 6857476F291391A600026B7C /* ExpensesClothingList.swift */; };
		68574772291391F600026B7C /* ExpensesLifeList.swift in Sources */ = {isa = PBXBuildFile; fileRef = 68574771291391F600026B7C /* ExpensesLifeList.swift */; };
		68574774291392CA00026B7C /* ExpensesTrafficList.swift in Sources */ = {isa = PBXBuildFile; fileRef = 68574773291392CA00026B7C /* ExpensesTrafficList.swift */; };
		68574776291392EA00026B7C /* ExpensesEducateList.swift in Sources */ = {isa = PBXBuildFile; fileRef = 68574775291392EA00026B7C /* ExpensesEducateList.swift */; };
		685747782913931000026B7C /* ExpensesEntertainmentList.swift in Sources */ = {isa = PBXBuildFile; fileRef = 685747772913931000026B7C /* ExpensesEntertainmentList.swift */; };
		6857477A2913933F00026B7C /* ExpensesElectronicProductList.swift in Sources */ = {isa = PBXBuildFile; fileRef = 685747792913933F00026B7C /* ExpensesElectronicProductList.swift */; };
		6857477C2913935B00026B7C /* ExpensesBookList.swift in Sources */ = {isa = PBXBuildFile; fileRef = 6857477B2913935B00026B7C /* ExpensesBookList.swift */; };
		6857477E2913937C00026B7C /* ExpensesMotorList.swift in Sources */ = {isa = PBXBuildFile; fileRef = 6857477D2913937C00026B7C /* ExpensesMotorList.swift */; };
		685747802913939C00026B7C /* ExpensesMedicalList.swift in Sources */ = {isa = PBXBuildFile; fileRef = 6857477F2913939C00026B7C /* ExpensesMedicalList.swift */; };
		68574782291393C200026B7C /* ExpensesPersonalCommunicationList.swift in Sources */ = {isa = PBXBuildFile; fileRef = 68574781291393C200026B7C /* ExpensesPersonalCommunicationList.swift */; };
		68574784291393E400026B7C /* ExpensesInvestList.swift in Sources */ = {isa = PBXBuildFile; fileRef = 68574783291393E400026B7C /* ExpensesInvestList.swift */; };
		685747862913940000026B7C /* ExpensesOtherList.swift in Sources */ = {isa = PBXBuildFile; fileRef = 685747852913940000026B7C /* ExpensesOtherList.swift */; };
		685747882913941B00026B7C /* ExpensesFeeList.swift in Sources */ = {isa = PBXBuildFile; fileRef = 685747872913941B00026B7C /* ExpensesFeeList.swift */; };
		6857478A2913975100026B7C /* ChooseTypeView.swift in Sources */ = {isa = PBXBuildFile; fileRef = 685747892913975100026B7C /* ChooseTypeView.swift */; };
		6857478C2913A48E00026B7C /* BindingExtension.swift in Sources */ = {isa = PBXBuildFile; fileRef = 6857478B2913A48E00026B7C /* BindingExtension.swift */; };
		6857478F2914966A00026B7C /* R.generated.swift in Sources */ = {isa = PBXBuildFile; fileRef = 6857478E2914966A00026B7C /* R.generated.swift */; };
		685747982914B8F900026B7C /* IncomeGroupView.swift in Sources */ = {isa = PBXBuildFile; fileRef = 685747972914B8F900026B7C /* IncomeGroupView.swift */; };
		6857479A2914BB5400026B7C /* IncomeGeneralList.swift in Sources */ = {isa = PBXBuildFile; fileRef = 685747992914BB5400026B7C /* IncomeGeneralList.swift */; };
		6857479C2914BB8C00026B7C /* IncomeInvestmentList.swift in Sources */ = {isa = PBXBuildFile; fileRef = 6857479B2914BB8C00026B7C /* IncomeInvestmentList.swift */; };
		68648DFC291C8A56004915BE /* AddAccountInfoView.swift in Sources */ = {isa = PBXBuildFile; fileRef = 68648DFB291C8A56004915BE /* AddAccountInfoView.swift */; };
		6888E2662994D18D00DB4D31 /* DetailGroupModel.swift in Sources */ = {isa = PBXBuildFile; fileRef = 6888E2652994D18D00DB4D31 /* DetailGroupModel.swift */; };
		6888E2682994D1CD00DB4D31 /* DetailTypeModel.swift in Sources */ = {isa = PBXBuildFile; fileRef = 6888E2672994D1CD00DB4D31 /* DetailTypeModel.swift */; };
		688B53DE29923DC80008C473 /* CustomExpensesList.swift in Sources */ = {isa = PBXBuildFile; fileRef = 688B53DD29923DC80008C473 /* CustomExpensesList.swift */; };
		688B53E329939C690008C473 /* AddOptionView.swift in Sources */ = {isa = PBXBuildFile; fileRef = 688B53E229939C690008C473 /* AddOptionView.swift */; };
		688B53EA2993A04A0008C473 /* AddOptionViewModel.swift in Sources */ = {isa = PBXBuildFile; fileRef = 688B53E92993A04A0008C473 /* AddOptionViewModel.swift */; };
		688B53EC299481F20008C473 /* SwiftUI_ViewExtension.swift in Sources */ = {isa = PBXBuildFile; fileRef = 688B53EB299481F20008C473 /* SwiftUI_ViewExtension.swift */; };
		68953FBA29909B3B00624136 /* SettingView.swift in Sources */ = {isa = PBXBuildFile; fileRef = 68953FB929909B3B00624136 /* SettingView.swift */; };
		68953FC129923BFD00624136 /* CustomTransferList.swift in Sources */ = {isa = PBXBuildFile; fileRef = 68953FC029923BFD00624136 /* CustomTransferList.swift */; };
		68953FC329923CD800624136 /* CustomIncomeList.swift in Sources */ = {isa = PBXBuildFile; fileRef = 68953FC229923CD800624136 /* CustomIncomeList.swift */; };
		6899CB6A2914DC240070681F /* TransferGroupView.swift in Sources */ = {isa = PBXBuildFile; fileRef = 6899CB692914DC240070681F /* TransferGroupView.swift */; };
		6899CB6C2914DC780070681F /* TransferGeneralList.swift in Sources */ = {isa = PBXBuildFile; fileRef = 6899CB6B2914DC780070681F /* TransferGeneralList.swift */; };
		68B2C8112911163300F9C37F /* ExpensesIncomeListView.swift in Sources */ = {isa = PBXBuildFile; fileRef = 68B2C8102911163300F9C37F /* ExpensesIncomeListView.swift */; };
		68B2C817291239E300F9C37F /* TransferListView.swift in Sources */ = {isa = PBXBuildFile; fileRef = 68B2C816291239E300F9C37F /* TransferListView.swift */; };
		68D7FD242919FD5900E3F4DF /* ChooseAccountView.swift in Sources */ = {isa = PBXBuildFile; fileRef = 68D7FD232919FD5900E3F4DF /* ChooseAccountView.swift */; };
		68D7FD27291A251900E3F4DF /* AddAccountView.swift in Sources */ = {isa = PBXBuildFile; fileRef = 68D7FD26291A251900E3F4DF /* AddAccountView.swift */; };
		68D7FD29291B38DE00E3F4DF /* InitMoneyCalculatorView.swift in Sources */ = {isa = PBXBuildFile; fileRef = 68D7FD28291B38DE00E3F4DF /* InitMoneyCalculatorView.swift */; };
		68D7FD2B291B3B8B00E3F4DF /* InitMoneyCalculatorButtonView.swift in Sources */ = {isa = PBXBuildFile; fileRef = 68D7FD2A291B3B8B00E3F4DF /* InitMoneyCalculatorButtonView.swift */; };
		68D7FD2E291B45AA00E3F4DF /* AddAccountViewModel.swift in Sources */ = {isa = PBXBuildFile; fileRef = 68D7FD2D291B45AA00E3F4DF /* AddAccountViewModel.swift */; };
		68DD493F29308BA90064F3CB /* AccountDetailView.swift in Sources */ = {isa = PBXBuildFile; fileRef = 68DD493E29308BA90064F3CB /* AccountDetailView.swift */; };
		68DD494229308C300064F3CB /* AccountDetailViewModel.swift in Sources */ = {isa = PBXBuildFile; fileRef = 68DD494129308C300064F3CB /* AccountDetailViewModel.swift */; };
		68EE3148290FC49600C3702F /* AddDetailNumberView.swift in Sources */ = {isa = PBXBuildFile; fileRef = 68EE3147290FC49600C3702F /* AddDetailNumberView.swift */; };
		68EE314B2910C82700C3702F /* CalcButton.swift in Sources */ = {isa = PBXBuildFile; fileRef = 68EE314A2910C82700C3702F /* CalcButton.swift */; };
		68EE314D2910C83C00C3702F /* Operation.swift in Sources */ = {isa = PBXBuildFile; fileRef = 68EE314C2910C83C00C3702F /* Operation.swift */; };
		68F19D06290661D00056819A /* UserDefaultsExtension.swift in Sources */ = {isa = PBXBuildFile; fileRef = 68F19D05290661D00056819A /* UserDefaultsExtension.swift */; };
		68F19D09290665C50056819A /* AccountType.swift in Sources */ = {isa = PBXBuildFile; fileRef = 68F19D08290665C50056819A /* AccountType.swift */; };
		68F19D0B290666270056819A /* ExpensesGroup.swift in Sources */ = {isa = PBXBuildFile; fileRef = 68F19D0A290666270056819A /* ExpensesGroup.swift */; };
		68F19D0D29067DBB0056819A /* AccountModel.swift in Sources */ = {isa = PBXBuildFile; fileRef = 68F19D0C29067DBB0056819A /* AccountModel.swift */; };
		68F19D0F29067F9D0056819A /* ExpensesGroupModel.swift in Sources */ = {isa = PBXBuildFile; fileRef = 68F19D0E29067F9D0056819A /* ExpensesGroupModel.swift */; };
		68F19D112906808B0056819A /* ExpensesTypeModel.swift in Sources */ = {isa = PBXBuildFile; fileRef = 68F19D102906808B0056819A /* ExpensesTypeModel.swift */; };
		68F19D13290680C50056819A /* IncomeGroupModel.swift in Sources */ = {isa = PBXBuildFile; fileRef = 68F19D12290680C50056819A /* IncomeGroupModel.swift */; };
		68F19D15290680ED0056819A /* IncomeTypeModel.swift in Sources */ = {isa = PBXBuildFile; fileRef = 68F19D14290680ED0056819A /* IncomeTypeModel.swift */; };
		68F19D17290681470056819A /* TransferGroupModel.swift in Sources */ = {isa = PBXBuildFile; fileRef = 68F19D16290681470056819A /* TransferGroupModel.swift */; };
		68F19D19290681760056819A /* TransferTypeModel.swift in Sources */ = {isa = PBXBuildFile; fileRef = 68F19D18290681760056819A /* TransferTypeModel.swift */; };
		68F19D1C29068C130056819A /* PresetUserDB.swift in Sources */ = {isa = PBXBuildFile; fileRef = 68F19D1B29068C130056819A /* PresetUserDB.swift */; };
		68F19D1F290775B10056819A /* ExpensesFood.swift in Sources */ = {isa = PBXBuildFile; fileRef = 68F19D1E290775B10056819A /* ExpensesFood.swift */; };
		68F19D21290776B70056819A /* ExpensesClothing.swift in Sources */ = {isa = PBXBuildFile; fileRef = 68F19D20290776B70056819A /* ExpensesClothing.swift */; };
		68F19D2429077CAE0056819A /* ExpensesLife.swift in Sources */ = {isa = PBXBuildFile; fileRef = 68F19D2329077CAE0056819A /* ExpensesLife.swift */; };
		68F19D2629077E350056819A /* ExpensesTraffic.swift in Sources */ = {isa = PBXBuildFile; fileRef = 68F19D2529077E350056819A /* ExpensesTraffic.swift */; };
		68F19D2829077FAC0056819A /* ExpensesEducate.swift in Sources */ = {isa = PBXBuildFile; fileRef = 68F19D2729077FAC0056819A /* ExpensesEducate.swift */; };
		68F19D2A29078C170056819A /* ExpensesEntertainment.swift in Sources */ = {isa = PBXBuildFile; fileRef = 68F19D2929078C170056819A /* ExpensesEntertainment.swift */; };
		68F19D2C29078E210056819A /* ExpensesElectronicProduct.swift in Sources */ = {isa = PBXBuildFile; fileRef = 68F19D2B29078E210056819A /* ExpensesElectronicProduct.swift */; };
		68F19D2E29078FEF0056819A /* ExpensesBook.swift in Sources */ = {isa = PBXBuildFile; fileRef = 68F19D2D29078FEF0056819A /* ExpensesBook.swift */; };
		68F19D302907916A0056819A /* ExpensesMotor.swift in Sources */ = {isa = PBXBuildFile; fileRef = 68F19D2F2907916A0056819A /* ExpensesMotor.swift */; };
		68F19D32290793D50056819A /* ExpensesMedical.swift in Sources */ = {isa = PBXBuildFile; fileRef = 68F19D31290793D50056819A /* ExpensesMedical.swift */; };
		68F19D34290795400056819A /* ExpensesPersonalCommunication.swift in Sources */ = {isa = PBXBuildFile; fileRef = 68F19D33290795400056819A /* ExpensesPersonalCommunication.swift */; };
		68F19D36290796E80056819A /* ExpensesInvest.swift in Sources */ = {isa = PBXBuildFile; fileRef = 68F19D35290796E80056819A /* ExpensesInvest.swift */; };
		68F19D382907ACF10056819A /* ExpensesOther.swift in Sources */ = {isa = PBXBuildFile; fileRef = 68F19D372907ACF10056819A /* ExpensesOther.swift */; };
		68F19D3A2907AD900056819A /* ExpensesFee.swift in Sources */ = {isa = PBXBuildFile; fileRef = 68F19D392907AD900056819A /* ExpensesFee.swift */; };
		68F19D3E2907B5340056819A /* IncomeGeneral.swift in Sources */ = {isa = PBXBuildFile; fileRef = 68F19D3D2907B5340056819A /* IncomeGeneral.swift */; };
		68F19D402907B66B0056819A /* IncomeInvestment.swift in Sources */ = {isa = PBXBuildFile; fileRef = 68F19D3F2907B66B0056819A /* IncomeInvestment.swift */; };
		68F19D422907B74F0056819A /* IncomeGroup.swift in Sources */ = {isa = PBXBuildFile; fileRef = 68F19D412907B74F0056819A /* IncomeGroup.swift */; };
		68F19D452907B9690056819A /* TransferGroup.swift in Sources */ = {isa = PBXBuildFile; fileRef = 68F19D442907B9690056819A /* TransferGroup.swift */; };
		68F19D472907B9CA0056819A /* TransferGeneral.swift in Sources */ = {isa = PBXBuildFile; fileRef = 68F19D462907B9CA0056819A /* TransferGeneral.swift */; };
		68F19D4B2908C2F70056819A /* AddDetailView.swift in Sources */ = {isa = PBXBuildFile; fileRef = 68F19D4A2908C2F70056819A /* AddDetailView.swift */; };
		68F19D4D2908C39C0056819A /* AddDetailHeaderView.swift in Sources */ = {isa = PBXBuildFile; fileRef = 68F19D4C2908C39C0056819A /* AddDetailHeaderView.swift */; };
		68F19D502908C3CB0056819A /* AddDetailViewModel.swift in Sources */ = {isa = PBXBuildFile; fileRef = 68F19D4F2908C3CB0056819A /* AddDetailViewModel.swift */; };
		68F19D532908C6670056819A /* Localizable.strings in Resources */ = {isa = PBXBuildFile; fileRef = 68F19D552908C6670056819A /* Localizable.strings */; };
		68F19D582908C9640056819A /* CalculatorView.swift in Sources */ = {isa = PBXBuildFile; fileRef = 68F19D572908C9640056819A /* CalculatorView.swift */; };
		68F19D5A290907E40056819A /* BillingType.swift in Sources */ = {isa = PBXBuildFile; fileRef = 68F19D59290907E40056819A /* BillingType.swift */; };
		68F19D5C290B60170056819A /* DoubleExtension.swift in Sources */ = {isa = PBXBuildFile; fileRef = 68F19D5B290B60170056819A /* DoubleExtension.swift */; };
		68F19D5E290BAB020056819A /* CalculatorButtonView.swift in Sources */ = {isa = PBXBuildFile; fileRef = 68F19D5D290BAB020056819A /* CalculatorButtonView.swift */; };
		B14F5FF5B972ABC3BF7876E0 /* Pods_MoneyManager.framework in Frameworks */ = {isa = PBXBuildFile; fileRef = AD4D613585326609F83DA2DE /* Pods_MoneyManager.framework */; };
/* End PBXBuildFile section */

/* Begin PBXFileReference section */
		22A2C6102836179D0066AF0D /* MoneyManager.app */ = {isa = PBXFileReference; explicitFileType = wrapper.application; includeInIndex = 0; path = MoneyManager.app; sourceTree = BUILT_PRODUCTS_DIR; };
		22A2C6132836179D0066AF0D /* MoneyManagerApp.swift */ = {isa = PBXFileReference; lastKnownFileType = sourcecode.swift; path = MoneyManagerApp.swift; sourceTree = "<group>"; };
		22A2C6152836179D0066AF0D /* UserListView.swift */ = {isa = PBXFileReference; lastKnownFileType = sourcecode.swift; path = UserListView.swift; sourceTree = "<group>"; };
		22A2C6172836179F0066AF0D /* Assets.xcassets */ = {isa = PBXFileReference; lastKnownFileType = folder.assetcatalog; path = Assets.xcassets; sourceTree = "<group>"; };
		22A2C61A2836179F0066AF0D /* Preview Assets.xcassets */ = {isa = PBXFileReference; lastKnownFileType = folder.assetcatalog; path = "Preview Assets.xcassets"; sourceTree = "<group>"; };
		22A2C62228361CD00066AF0D /* UserCellView.swift */ = {isa = PBXFileReference; lastKnownFileType = sourcecode.swift; path = UserCellView.swift; sourceTree = "<group>"; };
		22A2C624283624F30066AF0D /* UserModel.swift */ = {isa = PBXFileReference; lastKnownFileType = sourcecode.swift; path = UserModel.swift; sourceTree = "<group>"; };
		22A2C626283625560066AF0D /* UserViewModel.swift */ = {isa = PBXFileReference; lastKnownFileType = sourcecode.swift; path = UserViewModel.swift; sourceTree = "<group>"; };
		22A2C62828362D7E0066AF0D /* AddButtonView.swift */ = {isa = PBXFileReference; lastKnownFileType = sourcecode.swift; path = AddButtonView.swift; sourceTree = "<group>"; };
		22A2C62E28362FB10066AF0D /* RealmManager.swift */ = {isa = PBXFileReference; lastKnownFileType = sourcecode.swift; path = RealmManager.swift; sourceTree = "<group>"; };
		22A2C632283631000066AF0D /* AddUserView.swift */ = {isa = PBXFileReference; lastKnownFileType = sourcecode.swift; path = AddUserView.swift; sourceTree = "<group>"; };
		22FB19ED283DFEB0005DB4F9 /* DetailView.swift */ = {isa = PBXFileReference; lastKnownFileType = sourcecode.swift; path = DetailView.swift; sourceTree = "<group>"; };
		22FB19EF283E10C8005DB4F9 /* DetailHeaderView.swift */ = {isa = PBXFileReference; lastKnownFileType = sourcecode.swift; path = DetailHeaderView.swift; sourceTree = "<group>"; };
		22FB19F2283E13AD005DB4F9 /* DetailViewModel.swift */ = {isa = PBXFileReference; lastKnownFileType = sourcecode.swift; path = DetailViewModel.swift; sourceTree = "<group>"; };
		22FB19F4283F0578005DB4F9 /* DetailCellView.swift */ = {isa = PBXFileReference; lastKnownFileType = sourcecode.swift; path = DetailCellView.swift; sourceTree = "<group>"; };
		22FB19F8283F7345005DB4F9 /* DetailModel.swift */ = {isa = PBXFileReference; lastKnownFileType = sourcecode.swift; path = DetailModel.swift; sourceTree = "<group>"; };
		22FB19FD2846F51B005DB4F9 /* UserInfo.swift */ = {isa = PBXFileReference; lastKnownFileType = sourcecode.swift; path = UserInfo.swift; sourceTree = "<group>"; };
		68329ABD29309F9A002B7905 /* AccountCellView.swift */ = {isa = PBXFileReference; lastKnownFileType = sourcecode.swift; path = AccountCellView.swift; sourceTree = "<group>"; };
		68329ABF2930A0F9002B7905 /* AccountHeaderView.swift */ = {isa = PBXFileReference; lastKnownFileType = sourcecode.swift; path = AccountHeaderView.swift; sourceTree = "<group>"; };
		684F139B2949A97200982455 /* PieChart.swift */ = {isa = PBXFileReference; lastKnownFileType = sourcecode.swift; path = PieChart.swift; sourceTree = "<group>"; };
		684F139D295150C100982455 /* ChartView.swift */ = {isa = PBXFileReference; lastKnownFileType = sourcecode.swift; path = ChartView.swift; sourceTree = "<group>"; };
		684F13A029515C8600982455 /* ChartViewModel.swift */ = {isa = PBXFileReference; lastKnownFileType = sourcecode.swift; path = ChartViewModel.swift; sourceTree = "<group>"; };
		684F13A3295196FF00982455 /* SceneDelegate.swift */ = {isa = PBXFileReference; lastKnownFileType = sourcecode.swift; path = SceneDelegate.swift; sourceTree = "<group>"; };
		684F13A92951A51E00982455 /* ChartType.swift */ = {isa = PBXFileReference; lastKnownFileType = sourcecode.swift; path = ChartType.swift; sourceTree = "<group>"; };
		684F13AD2951B6A900982455 /* Info.plist */ = {isa = PBXFileReference; lastKnownFileType = text.plist.xml; path = Info.plist; sourceTree = "<group>"; };
		684F13AE295295DE00982455 /* ChartHeaderView.swift */ = {isa = PBXFileReference; lastKnownFileType = sourcecode.swift; path = ChartHeaderView.swift; sourceTree = "<group>"; };
		684F13B029554EBC00982455 /* DetailTools.swift */ = {isa = PBXFileReference; lastKnownFileType = sourcecode.swift; path = DetailTools.swift; sourceTree = "<group>"; };
		684F22DC2924BD1300550E72 /* MemoView.swift */ = {isa = PBXFileReference; lastKnownFileType = sourcecode.swift; path = MemoView.swift; sourceTree = "<group>"; };
		684F22DE2925B8D600550E72 /* MemoModel.swift */ = {isa = PBXFileReference; lastKnownFileType = sourcecode.swift; path = MemoModel.swift; sourceTree = "<group>"; };
		6857476829135A1F00026B7C /* ExpensesGroupView.swift */ = {isa = PBXFileReference; lastKnownFileType = sourcecode.swift; path = ExpensesGroupView.swift; sourceTree = "<group>"; };
		6857476B2913678600026B7C /* ExpensesFoodList.swift */ = {isa = PBXFileReference; lastKnownFileType = sourcecode.swift; path = ExpensesFoodList.swift; sourceTree = "<group>"; };
		6857476F291391A600026B7C /* ExpensesClothingList.swift */ = {isa = PBXFileReference; lastKnownFileType = sourcecode.swift; path = ExpensesClothingList.swift; sourceTree = "<group>"; };
		68574771291391F600026B7C /* ExpensesLifeList.swift */ = {isa = PBXFileReference; lastKnownFileType = sourcecode.swift; path = ExpensesLifeList.swift; sourceTree = "<group>"; };
		68574773291392CA00026B7C /* ExpensesTrafficList.swift */ = {isa = PBXFileReference; lastKnownFileType = sourcecode.swift; path = ExpensesTrafficList.swift; sourceTree = "<group>"; };
		68574775291392EA00026B7C /* ExpensesEducateList.swift */ = {isa = PBXFileReference; lastKnownFileType = sourcecode.swift; path = ExpensesEducateList.swift; sourceTree = "<group>"; };
		685747772913931000026B7C /* ExpensesEntertainmentList.swift */ = {isa = PBXFileReference; lastKnownFileType = sourcecode.swift; path = ExpensesEntertainmentList.swift; sourceTree = "<group>"; };
		685747792913933F00026B7C /* ExpensesElectronicProductList.swift */ = {isa = PBXFileReference; lastKnownFileType = sourcecode.swift; path = ExpensesElectronicProductList.swift; sourceTree = "<group>"; };
		6857477B2913935B00026B7C /* ExpensesBookList.swift */ = {isa = PBXFileReference; lastKnownFileType = sourcecode.swift; path = ExpensesBookList.swift; sourceTree = "<group>"; };
		6857477D2913937C00026B7C /* ExpensesMotorList.swift */ = {isa = PBXFileReference; lastKnownFileType = sourcecode.swift; path = ExpensesMotorList.swift; sourceTree = "<group>"; };
		6857477F2913939C00026B7C /* ExpensesMedicalList.swift */ = {isa = PBXFileReference; lastKnownFileType = sourcecode.swift; path = ExpensesMedicalList.swift; sourceTree = "<group>"; };
		68574781291393C200026B7C /* ExpensesPersonalCommunicationList.swift */ = {isa = PBXFileReference; lastKnownFileType = sourcecode.swift; path = ExpensesPersonalCommunicationList.swift; sourceTree = "<group>"; };
		68574783291393E400026B7C /* ExpensesInvestList.swift */ = {isa = PBXFileReference; lastKnownFileType = sourcecode.swift; path = ExpensesInvestList.swift; sourceTree = "<group>"; };
		685747852913940000026B7C /* ExpensesOtherList.swift */ = {isa = PBXFileReference; lastKnownFileType = sourcecode.swift; path = ExpensesOtherList.swift; sourceTree = "<group>"; };
		685747872913941B00026B7C /* ExpensesFeeList.swift */ = {isa = PBXFileReference; lastKnownFileType = sourcecode.swift; path = ExpensesFeeList.swift; sourceTree = "<group>"; };
		685747892913975100026B7C /* ChooseTypeView.swift */ = {isa = PBXFileReference; lastKnownFileType = sourcecode.swift; path = ChooseTypeView.swift; sourceTree = "<group>"; };
		6857478B2913A48E00026B7C /* BindingExtension.swift */ = {isa = PBXFileReference; lastKnownFileType = sourcecode.swift; path = BindingExtension.swift; sourceTree = "<group>"; };
		6857478E2914966A00026B7C /* R.generated.swift */ = {isa = PBXFileReference; fileEncoding = 4; lastKnownFileType = sourcecode.swift; path = R.generated.swift; sourceTree = SOURCE_ROOT; };
		685747972914B8F900026B7C /* IncomeGroupView.swift */ = {isa = PBXFileReference; lastKnownFileType = sourcecode.swift; path = IncomeGroupView.swift; sourceTree = "<group>"; };
		685747992914BB5400026B7C /* IncomeGeneralList.swift */ = {isa = PBXFileReference; lastKnownFileType = sourcecode.swift; path = IncomeGeneralList.swift; sourceTree = "<group>"; };
		6857479B2914BB8C00026B7C /* IncomeInvestmentList.swift */ = {isa = PBXFileReference; lastKnownFileType = sourcecode.swift; path = IncomeInvestmentList.swift; sourceTree = "<group>"; };
		68648DFB291C8A56004915BE /* AddAccountInfoView.swift */ = {isa = PBXFileReference; lastKnownFileType = sourcecode.swift; path = AddAccountInfoView.swift; sourceTree = "<group>"; };
		6888E2652994D18D00DB4D31 /* DetailGroupModel.swift */ = {isa = PBXFileReference; lastKnownFileType = sourcecode.swift; path = DetailGroupModel.swift; sourceTree = "<group>"; };
		6888E2672994D1CD00DB4D31 /* DetailTypeModel.swift */ = {isa = PBXFileReference; lastKnownFileType = sourcecode.swift; path = DetailTypeModel.swift; sourceTree = "<group>"; };
		688B53DD29923DC80008C473 /* CustomExpensesList.swift */ = {isa = PBXFileReference; lastKnownFileType = sourcecode.swift; path = CustomExpensesList.swift; sourceTree = "<group>"; };
		688B53E229939C690008C473 /* AddOptionView.swift */ = {isa = PBXFileReference; lastKnownFileType = sourcecode.swift; path = AddOptionView.swift; sourceTree = "<group>"; };
		688B53E92993A04A0008C473 /* AddOptionViewModel.swift */ = {isa = PBXFileReference; lastKnownFileType = sourcecode.swift; path = AddOptionViewModel.swift; sourceTree = "<group>"; };
		688B53EB299481F20008C473 /* SwiftUI_ViewExtension.swift */ = {isa = PBXFileReference; lastKnownFileType = sourcecode.swift; path = SwiftUI_ViewExtension.swift; sourceTree = "<group>"; };
		68953FB929909B3B00624136 /* SettingView.swift */ = {isa = PBXFileReference; lastKnownFileType = sourcecode.swift; path = SettingView.swift; sourceTree = "<group>"; };
		68953FC029923BFD00624136 /* CustomTransferList.swift */ = {isa = PBXFileReference; lastKnownFileType = sourcecode.swift; path = CustomTransferList.swift; sourceTree = "<group>"; };
		68953FC229923CD800624136 /* CustomIncomeList.swift */ = {isa = PBXFileReference; lastKnownFileType = sourcecode.swift; path = CustomIncomeList.swift; sourceTree = "<group>"; };
		6899CB692914DC240070681F /* TransferGroupView.swift */ = {isa = PBXFileReference; lastKnownFileType = sourcecode.swift; path = TransferGroupView.swift; sourceTree = "<group>"; };
		6899CB6B2914DC780070681F /* TransferGeneralList.swift */ = {isa = PBXFileReference; lastKnownFileType = sourcecode.swift; path = TransferGeneralList.swift; sourceTree = "<group>"; };
		68B2C8102911163300F9C37F /* ExpensesIncomeListView.swift */ = {isa = PBXFileReference; lastKnownFileType = sourcecode.swift; path = ExpensesIncomeListView.swift; sourceTree = "<group>"; };
		68B2C816291239E300F9C37F /* TransferListView.swift */ = {isa = PBXFileReference; lastKnownFileType = sourcecode.swift; path = TransferListView.swift; sourceTree = "<group>"; };
		68D7FD232919FD5900E3F4DF /* ChooseAccountView.swift */ = {isa = PBXFileReference; lastKnownFileType = sourcecode.swift; path = ChooseAccountView.swift; sourceTree = "<group>"; };
		68D7FD26291A251900E3F4DF /* AddAccountView.swift */ = {isa = PBXFileReference; lastKnownFileType = sourcecode.swift; path = AddAccountView.swift; sourceTree = "<group>"; };
		68D7FD28291B38DE00E3F4DF /* InitMoneyCalculatorView.swift */ = {isa = PBXFileReference; lastKnownFileType = sourcecode.swift; path = InitMoneyCalculatorView.swift; sourceTree = "<group>"; };
		68D7FD2A291B3B8B00E3F4DF /* InitMoneyCalculatorButtonView.swift */ = {isa = PBXFileReference; lastKnownFileType = sourcecode.swift; path = InitMoneyCalculatorButtonView.swift; sourceTree = "<group>"; };
		68D7FD2D291B45AA00E3F4DF /* AddAccountViewModel.swift */ = {isa = PBXFileReference; lastKnownFileType = sourcecode.swift; path = AddAccountViewModel.swift; sourceTree = "<group>"; };
		68DD493E29308BA90064F3CB /* AccountDetailView.swift */ = {isa = PBXFileReference; lastKnownFileType = sourcecode.swift; path = AccountDetailView.swift; sourceTree = "<group>"; };
		68DD494129308C300064F3CB /* AccountDetailViewModel.swift */ = {isa = PBXFileReference; lastKnownFileType = sourcecode.swift; path = AccountDetailViewModel.swift; sourceTree = "<group>"; };
		68EE3147290FC49600C3702F /* AddDetailNumberView.swift */ = {isa = PBXFileReference; lastKnownFileType = sourcecode.swift; path = AddDetailNumberView.swift; sourceTree = "<group>"; };
		68EE314A2910C82700C3702F /* CalcButton.swift */ = {isa = PBXFileReference; lastKnownFileType = sourcecode.swift; path = CalcButton.swift; sourceTree = "<group>"; };
		68EE314C2910C83C00C3702F /* Operation.swift */ = {isa = PBXFileReference; lastKnownFileType = sourcecode.swift; path = Operation.swift; sourceTree = "<group>"; };
		68F19D05290661D00056819A /* UserDefaultsExtension.swift */ = {isa = PBXFileReference; lastKnownFileType = sourcecode.swift; path = UserDefaultsExtension.swift; sourceTree = "<group>"; };
		68F19D08290665C50056819A /* AccountType.swift */ = {isa = PBXFileReference; lastKnownFileType = sourcecode.swift; path = AccountType.swift; sourceTree = "<group>"; };
		68F19D0A290666270056819A /* ExpensesGroup.swift */ = {isa = PBXFileReference; lastKnownFileType = sourcecode.swift; path = ExpensesGroup.swift; sourceTree = "<group>"; };
		68F19D0C29067DBB0056819A /* AccountModel.swift */ = {isa = PBXFileReference; lastKnownFileType = sourcecode.swift; path = AccountModel.swift; sourceTree = "<group>"; };
		68F19D0E29067F9D0056819A /* ExpensesGroupModel.swift */ = {isa = PBXFileReference; lastKnownFileType = sourcecode.swift; path = ExpensesGroupModel.swift; sourceTree = "<group>"; };
		68F19D102906808B0056819A /* ExpensesTypeModel.swift */ = {isa = PBXFileReference; lastKnownFileType = sourcecode.swift; path = ExpensesTypeModel.swift; sourceTree = "<group>"; };
		68F19D12290680C50056819A /* IncomeGroupModel.swift */ = {isa = PBXFileReference; lastKnownFileType = sourcecode.swift; path = IncomeGroupModel.swift; sourceTree = "<group>"; };
		68F19D14290680ED0056819A /* IncomeTypeModel.swift */ = {isa = PBXFileReference; lastKnownFileType = sourcecode.swift; path = IncomeTypeModel.swift; sourceTree = "<group>"; };
		68F19D16290681470056819A /* TransferGroupModel.swift */ = {isa = PBXFileReference; lastKnownFileType = sourcecode.swift; path = TransferGroupModel.swift; sourceTree = "<group>"; };
		68F19D18290681760056819A /* TransferTypeModel.swift */ = {isa = PBXFileReference; lastKnownFileType = sourcecode.swift; path = TransferTypeModel.swift; sourceTree = "<group>"; };
		68F19D1B29068C130056819A /* PresetUserDB.swift */ = {isa = PBXFileReference; lastKnownFileType = sourcecode.swift; path = PresetUserDB.swift; sourceTree = "<group>"; };
		68F19D1E290775B10056819A /* ExpensesFood.swift */ = {isa = PBXFileReference; lastKnownFileType = sourcecode.swift; path = ExpensesFood.swift; sourceTree = "<group>"; };
		68F19D20290776B70056819A /* ExpensesClothing.swift */ = {isa = PBXFileReference; lastKnownFileType = sourcecode.swift; path = ExpensesClothing.swift; sourceTree = "<group>"; };
		68F19D2329077CAE0056819A /* ExpensesLife.swift */ = {isa = PBXFileReference; lastKnownFileType = sourcecode.swift; path = ExpensesLife.swift; sourceTree = "<group>"; };
		68F19D2529077E350056819A /* ExpensesTraffic.swift */ = {isa = PBXFileReference; lastKnownFileType = sourcecode.swift; path = ExpensesTraffic.swift; sourceTree = "<group>"; };
		68F19D2729077FAC0056819A /* ExpensesEducate.swift */ = {isa = PBXFileReference; lastKnownFileType = sourcecode.swift; path = ExpensesEducate.swift; sourceTree = "<group>"; };
		68F19D2929078C170056819A /* ExpensesEntertainment.swift */ = {isa = PBXFileReference; lastKnownFileType = sourcecode.swift; path = ExpensesEntertainment.swift; sourceTree = "<group>"; };
		68F19D2B29078E210056819A /* ExpensesElectronicProduct.swift */ = {isa = PBXFileReference; lastKnownFileType = sourcecode.swift; path = ExpensesElectronicProduct.swift; sourceTree = "<group>"; };
		68F19D2D29078FEF0056819A /* ExpensesBook.swift */ = {isa = PBXFileReference; lastKnownFileType = sourcecode.swift; path = ExpensesBook.swift; sourceTree = "<group>"; };
		68F19D2F2907916A0056819A /* ExpensesMotor.swift */ = {isa = PBXFileReference; lastKnownFileType = sourcecode.swift; path = ExpensesMotor.swift; sourceTree = "<group>"; };
		68F19D31290793D50056819A /* ExpensesMedical.swift */ = {isa = PBXFileReference; lastKnownFileType = sourcecode.swift; path = ExpensesMedical.swift; sourceTree = "<group>"; };
		68F19D33290795400056819A /* ExpensesPersonalCommunication.swift */ = {isa = PBXFileReference; lastKnownFileType = sourcecode.swift; path = ExpensesPersonalCommunication.swift; sourceTree = "<group>"; };
		68F19D35290796E80056819A /* ExpensesInvest.swift */ = {isa = PBXFileReference; lastKnownFileType = sourcecode.swift; path = ExpensesInvest.swift; sourceTree = "<group>"; };
		68F19D372907ACF10056819A /* ExpensesOther.swift */ = {isa = PBXFileReference; lastKnownFileType = sourcecode.swift; path = ExpensesOther.swift; sourceTree = "<group>"; };
		68F19D392907AD900056819A /* ExpensesFee.swift */ = {isa = PBXFileReference; lastKnownFileType = sourcecode.swift; path = ExpensesFee.swift; sourceTree = "<group>"; };
		68F19D3D2907B5340056819A /* IncomeGeneral.swift */ = {isa = PBXFileReference; lastKnownFileType = sourcecode.swift; path = IncomeGeneral.swift; sourceTree = "<group>"; };
		68F19D3F2907B66B0056819A /* IncomeInvestment.swift */ = {isa = PBXFileReference; lastKnownFileType = sourcecode.swift; path = IncomeInvestment.swift; sourceTree = "<group>"; };
		68F19D412907B74F0056819A /* IncomeGroup.swift */ = {isa = PBXFileReference; fileEncoding = 4; lastKnownFileType = sourcecode.swift; path = IncomeGroup.swift; sourceTree = "<group>"; };
		68F19D442907B9690056819A /* TransferGroup.swift */ = {isa = PBXFileReference; lastKnownFileType = sourcecode.swift; path = TransferGroup.swift; sourceTree = "<group>"; };
		68F19D462907B9CA0056819A /* TransferGeneral.swift */ = {isa = PBXFileReference; lastKnownFileType = sourcecode.swift; path = TransferGeneral.swift; sourceTree = "<group>"; };
		68F19D4A2908C2F70056819A /* AddDetailView.swift */ = {isa = PBXFileReference; lastKnownFileType = sourcecode.swift; path = AddDetailView.swift; sourceTree = "<group>"; };
		68F19D4C2908C39C0056819A /* AddDetailHeaderView.swift */ = {isa = PBXFileReference; lastKnownFileType = sourcecode.swift; path = AddDetailHeaderView.swift; sourceTree = "<group>"; };
		68F19D4F2908C3CB0056819A /* AddDetailViewModel.swift */ = {isa = PBXFileReference; lastKnownFileType = sourcecode.swift; path = AddDetailViewModel.swift; sourceTree = "<group>"; };
		68F19D542908C6670056819A /* en */ = {isa = PBXFileReference; lastKnownFileType = text.plist.strings; name = en; path = en.lproj/Localizable.strings; sourceTree = "<group>"; };
		68F19D562908C6900056819A /* zh-Hant */ = {isa = PBXFileReference; lastKnownFileType = text.plist.strings; name = "zh-Hant"; path = "zh-Hant.lproj/Localizable.strings"; sourceTree = "<group>"; };
		68F19D572908C9640056819A /* CalculatorView.swift */ = {isa = PBXFileReference; lastKnownFileType = sourcecode.swift; path = CalculatorView.swift; sourceTree = "<group>"; };
		68F19D59290907E40056819A /* BillingType.swift */ = {isa = PBXFileReference; lastKnownFileType = sourcecode.swift; path = BillingType.swift; sourceTree = "<group>"; };
		68F19D5B290B60170056819A /* DoubleExtension.swift */ = {isa = PBXFileReference; lastKnownFileType = sourcecode.swift; path = DoubleExtension.swift; sourceTree = "<group>"; };
		68F19D5D290BAB020056819A /* CalculatorButtonView.swift */ = {isa = PBXFileReference; lastKnownFileType = sourcecode.swift; path = CalculatorButtonView.swift; sourceTree = "<group>"; };
		8C7B1E61025EDD6CB4BCF84F /* Pods-MoneyManager.release.xcconfig */ = {isa = PBXFileReference; includeInIndex = 1; lastKnownFileType = text.xcconfig; name = "Pods-MoneyManager.release.xcconfig"; path = "Target Support Files/Pods-MoneyManager/Pods-MoneyManager.release.xcconfig"; sourceTree = "<group>"; };
		919F3AB81F390DB800363282 /* Pods-MoneyManager.debug.xcconfig */ = {isa = PBXFileReference; includeInIndex = 1; lastKnownFileType = text.xcconfig; name = "Pods-MoneyManager.debug.xcconfig"; path = "Target Support Files/Pods-MoneyManager/Pods-MoneyManager.debug.xcconfig"; sourceTree = "<group>"; };
		AD4D613585326609F83DA2DE /* Pods_MoneyManager.framework */ = {isa = PBXFileReference; explicitFileType = wrapper.framework; includeInIndex = 0; path = Pods_MoneyManager.framework; sourceTree = BUILT_PRODUCTS_DIR; };
/* End PBXFileReference section */

/* Begin PBXFrameworksBuildPhase section */
		22A2C60D2836179D0066AF0D /* Frameworks */ = {
			isa = PBXFrameworksBuildPhase;
			buildActionMask = 2147483647;
			files = (
				B14F5FF5B972ABC3BF7876E0 /* Pods_MoneyManager.framework in Frameworks */,
			);
			runOnlyForDeploymentPostprocessing = 0;
		};
/* End PBXFrameworksBuildPhase section */

/* Begin PBXGroup section */
		22A2C6072836179D0066AF0D = {
			isa = PBXGroup;
			children = (
				22A2C6122836179D0066AF0D /* MoneyManager */,
				22A2C6112836179D0066AF0D /* Products */,
				8EBF6CBE719E5EE3794A8083 /* Pods */,
				43C69EAFC2C59C4C72768592 /* Frameworks */,
			);
			sourceTree = "<group>";
		};
		22A2C6112836179D0066AF0D /* Products */ = {
			isa = PBXGroup;
			children = (
				22A2C6102836179D0066AF0D /* MoneyManager.app */,
			);
			name = Products;
			sourceTree = "<group>";
		};
		22A2C6122836179D0066AF0D /* MoneyManager */ = {
			isa = PBXGroup;
			children = (
				684F13A3295196FF00982455 /* SceneDelegate.swift */,
				6857478E2914966A00026B7C /* R.generated.swift */,
				22A2C6132836179D0066AF0D /* MoneyManagerApp.swift */,
				22A2C62128361CB30066AF0D /* User */,
				68F19D492908C24C0056819A /* Detail */,
				684F139A2949A95000982455 /* Charts */,
				68D7FD25291A249A00E3F4DF /* Account */,
				68DD493D29308B490064F3CB /* AccountDetail */,
				68953FB829909B1700624136 /* Setting */,
				22A2C62D28362F130066AF0D /* DB */,
				22A2C62A28362E240066AF0D /* Object */,
				68F19D04290661850056819A /* Extension */,
				68F19D552908C6670056819A /* Localizable.strings */,
				22A2C6172836179F0066AF0D /* Assets.xcassets */,
				684F13AD2951B6A900982455 /* Info.plist */,
				22A2C6192836179F0066AF0D /* Preview Content */,
			);
			path = MoneyManager;
			sourceTree = "<group>";
		};
		22A2C6192836179F0066AF0D /* Preview Content */ = {
			isa = PBXGroup;
			children = (
				22A2C61A2836179F0066AF0D /* Preview Assets.xcassets */,
			);
			path = "Preview Content";
			sourceTree = "<group>";
		};
		22A2C62128361CB30066AF0D /* User */ = {
			isa = PBXGroup;
			children = (
				22A2C631283630C10066AF0D /* ViewModel */,
				22A2C6152836179D0066AF0D /* UserListView.swift */,
				22A2C62228361CD00066AF0D /* UserCellView.swift */,
				22A2C632283631000066AF0D /* AddUserView.swift */,
			);
			path = User;
			sourceTree = "<group>";
		};
		22A2C62A28362E240066AF0D /* Object */ = {
			isa = PBXGroup;
			children = (
				22A2C62828362D7E0066AF0D /* AddButtonView.swift */,
				22FB19FD2846F51B005DB4F9 /* UserInfo.swift */,
				684F13B029554EBC00982455 /* DetailTools.swift */,
			);
			path = Object;
			sourceTree = "<group>";
		};
		22A2C62D28362F130066AF0D /* DB */ = {
			isa = PBXGroup;
			children = (
				68F19D1A29068BBF0056819A /* Preset */,
				22A2C630283630B60066AF0D /* Model */,
				22A2C62E28362FB10066AF0D /* RealmManager.swift */,
			);
			path = DB;
			sourceTree = "<group>";
		};
		22A2C630283630B60066AF0D /* Model */ = {
			isa = PBXGroup;
			children = (
				22A2C624283624F30066AF0D /* UserModel.swift */,
				22FB19F8283F7345005DB4F9 /* DetailModel.swift */,
				684F22DE2925B8D600550E72 /* MemoModel.swift */,
				68F19D0C29067DBB0056819A /* AccountModel.swift */,
				68F19D0E29067F9D0056819A /* ExpensesGroupModel.swift */,
				68F19D102906808B0056819A /* ExpensesTypeModel.swift */,
				68F19D12290680C50056819A /* IncomeGroupModel.swift */,
				68F19D14290680ED0056819A /* IncomeTypeModel.swift */,
				68F19D16290681470056819A /* TransferGroupModel.swift */,
				68F19D18290681760056819A /* TransferTypeModel.swift */,
				6888E2652994D18D00DB4D31 /* DetailGroupModel.swift */,
				6888E2672994D1CD00DB4D31 /* DetailTypeModel.swift */,
			);
			path = Model;
			sourceTree = "<group>";
		};
		22A2C631283630C10066AF0D /* ViewModel */ = {
			isa = PBXGroup;
			children = (
				22A2C626283625560066AF0D /* UserViewModel.swift */,
			);
			path = ViewModel;
			sourceTree = "<group>";
		};
		22FB19EC283DFE84005DB4F9 /* DetailView */ = {
			isa = PBXGroup;
			children = (
				22FB19F1283E138A005DB4F9 /* ViewModel */,
				22FB19ED283DFEB0005DB4F9 /* DetailView.swift */,
				22FB19EF283E10C8005DB4F9 /* DetailHeaderView.swift */,
				22FB19F4283F0578005DB4F9 /* DetailCellView.swift */,
			);
			path = DetailView;
			sourceTree = "<group>";
		};
		22FB19F1283E138A005DB4F9 /* ViewModel */ = {
			isa = PBXGroup;
			children = (
				22FB19F2283E13AD005DB4F9 /* DetailViewModel.swift */,
			);
			path = ViewModel;
			sourceTree = "<group>";
		};
		43C69EAFC2C59C4C72768592 /* Frameworks */ = {
			isa = PBXGroup;
			children = (
				AD4D613585326609F83DA2DE /* Pods_MoneyManager.framework */,
			);
			name = Frameworks;
			sourceTree = "<group>";
		};
		684F139A2949A95000982455 /* Charts */ = {
			isa = PBXGroup;
			children = (
				684F13A82951A51500982455 /* Enum */,
				684F139F29515C6D00982455 /* ViewModel */,
				684F139B2949A97200982455 /* PieChart.swift */,
				684F139D295150C100982455 /* ChartView.swift */,
				684F13AE295295DE00982455 /* ChartHeaderView.swift */,
			);
			path = Charts;
			sourceTree = "<group>";
		};
		684F139F29515C6D00982455 /* ViewModel */ = {
			isa = PBXGroup;
			children = (
				684F13A029515C8600982455 /* ChartViewModel.swift */,
			);
			path = ViewModel;
			sourceTree = "<group>";
		};
		684F13A82951A51500982455 /* Enum */ = {
			isa = PBXGroup;
			children = (
				684F13A92951A51E00982455 /* ChartType.swift */,
			);
			path = Enum;
			sourceTree = "<group>";
		};
		68574767291359CB00026B7C /* GroupView */ = {
			isa = PBXGroup;
			children = (
				68953FBD29923B5400624136 /* Custom */,
				6857479D2914DBD800026B7C /* Transfer */,
				685747962914B8DF00026B7C /* Income */,
				6857476A2913675D00026B7C /* Expenses */,
			);
			path = GroupView;
			sourceTree = "<group>";
		};
		6857476A2913675D00026B7C /* Expenses */ = {
			isa = PBXGroup;
			children = (
				6857476829135A1F00026B7C /* ExpensesGroupView.swift */,
				6857476B2913678600026B7C /* ExpensesFoodList.swift */,
				6857476F291391A600026B7C /* ExpensesClothingList.swift */,
				68574771291391F600026B7C /* ExpensesLifeList.swift */,
				68574773291392CA00026B7C /* ExpensesTrafficList.swift */,
				68574775291392EA00026B7C /* ExpensesEducateList.swift */,
				685747772913931000026B7C /* ExpensesEntertainmentList.swift */,
				685747792913933F00026B7C /* ExpensesElectronicProductList.swift */,
				6857477B2913935B00026B7C /* ExpensesBookList.swift */,
				6857477D2913937C00026B7C /* ExpensesMotorList.swift */,
				6857477F2913939C00026B7C /* ExpensesMedicalList.swift */,
				68574781291393C200026B7C /* ExpensesPersonalCommunicationList.swift */,
				68574783291393E400026B7C /* ExpensesInvestList.swift */,
				685747852913940000026B7C /* ExpensesOtherList.swift */,
				685747872913941B00026B7C /* ExpensesFeeList.swift */,
			);
			path = Expenses;
			sourceTree = "<group>";
		};
		685747962914B8DF00026B7C /* Income */ = {
			isa = PBXGroup;
			children = (
				685747972914B8F900026B7C /* IncomeGroupView.swift */,
				685747992914BB5400026B7C /* IncomeGeneralList.swift */,
				6857479B2914BB8C00026B7C /* IncomeInvestmentList.swift */,
			);
			path = Income;
			sourceTree = "<group>";
		};
		6857479D2914DBD800026B7C /* Transfer */ = {
			isa = PBXGroup;
			children = (
				6899CB692914DC240070681F /* TransferGroupView.swift */,
				6899CB6B2914DC780070681F /* TransferGeneralList.swift */,
			);
			path = Transfer;
			sourceTree = "<group>";
		};
		688B53DF299388570008C473 /* Memo */ = {
			isa = PBXGroup;
			children = (
				684F22DC2924BD1300550E72 /* MemoView.swift */,
			);
			path = Memo;
			sourceTree = "<group>";
		};
		688B53E0299388EF0008C473 /* Calculator */ = {
			isa = PBXGroup;
			children = (
				68EE31492910C81900C3702F /* Enum */,
				68F19D572908C9640056819A /* CalculatorView.swift */,
				68F19D5D290BAB020056819A /* CalculatorButtonView.swift */,
			);
			path = Calculator;
			sourceTree = "<group>";
		};
		688B53E129938AAE0008C473 /* Option */ = {
			isa = PBXGroup;
			children = (
				68B2C80F2911161C00F9C37F /* ListView */,
				685747892913975100026B7C /* ChooseTypeView.swift */,
			);
			path = Option;
			sourceTree = "<group>";
		};
		688B53E42993A0110008C473 /* AddOption */ = {
			isa = PBXGroup;
			children = (
				688B53E52993A01C0008C473 /* ViewModel */,
				688B53E229939C690008C473 /* AddOptionView.swift */,
			);
			path = AddOption;
			sourceTree = "<group>";
		};
		688B53E52993A01C0008C473 /* ViewModel */ = {
			isa = PBXGroup;
			children = (
				688B53E92993A04A0008C473 /* AddOptionViewModel.swift */,
			);
			path = ViewModel;
			sourceTree = "<group>";
		};
		68953FB829909B1700624136 /* Setting */ = {
			isa = PBXGroup;
			children = (
				68953FB929909B3B00624136 /* SettingView.swift */,
			);
			path = Setting;
			sourceTree = "<group>";
		};
		68953FBD29923B5400624136 /* Custom */ = {
			isa = PBXGroup;
			children = (
				68953FC029923BFD00624136 /* CustomTransferList.swift */,
				68953FC229923CD800624136 /* CustomIncomeList.swift */,
				688B53DD29923DC80008C473 /* CustomExpensesList.swift */,
			);
			path = Custom;
			sourceTree = "<group>";
		};
		68B2C80F2911161C00F9C37F /* ListView */ = {
			isa = PBXGroup;
			children = (
				68574767291359CB00026B7C /* GroupView */,
				68D7FD232919FD5900E3F4DF /* ChooseAccountView.swift */,
				68B2C8102911163300F9C37F /* ExpensesIncomeListView.swift */,
				68B2C816291239E300F9C37F /* TransferListView.swift */,
			);
			path = ListView;
			sourceTree = "<group>";
		};
		68D7FD25291A249A00E3F4DF /* Account */ = {
			isa = PBXGroup;
			children = (
				68D7FD2C291B459800E3F4DF /* ViewModel */,
				68D7FD26291A251900E3F4DF /* AddAccountView.swift */,
				68648DFB291C8A56004915BE /* AddAccountInfoView.swift */,
				68D7FD28291B38DE00E3F4DF /* InitMoneyCalculatorView.swift */,
				68D7FD2A291B3B8B00E3F4DF /* InitMoneyCalculatorButtonView.swift */,
			);
			path = Account;
			sourceTree = "<group>";
		};
		68D7FD2C291B459800E3F4DF /* ViewModel */ = {
			isa = PBXGroup;
			children = (
				68D7FD2D291B45AA00E3F4DF /* AddAccountViewModel.swift */,
			);
			path = ViewModel;
			sourceTree = "<group>";
		};
		68DD493D29308B490064F3CB /* AccountDetail */ = {
			isa = PBXGroup;
			children = (
				68DD494029308C150064F3CB /* ViewModel */,
				68DD493E29308BA90064F3CB /* AccountDetailView.swift */,
				68329ABD29309F9A002B7905 /* AccountCellView.swift */,
				68329ABF2930A0F9002B7905 /* AccountHeaderView.swift */,
			);
			path = AccountDetail;
			sourceTree = "<group>";
		};
		68DD494029308C150064F3CB /* ViewModel */ = {
			isa = PBXGroup;
			children = (
				68DD494129308C300064F3CB /* AccountDetailViewModel.swift */,
			);
			path = ViewModel;
			sourceTree = "<group>";
		};
		68EE31492910C81900C3702F /* Enum */ = {
			isa = PBXGroup;
			children = (
				68EE314A2910C82700C3702F /* CalcButton.swift */,
				68EE314C2910C83C00C3702F /* Operation.swift */,
			);
			path = Enum;
			sourceTree = "<group>";
		};
		68F19D04290661850056819A /* Extension */ = {
			isa = PBXGroup;
			children = (
				68F19D05290661D00056819A /* UserDefaultsExtension.swift */,
				68F19D5B290B60170056819A /* DoubleExtension.swift */,
				6857478B2913A48E00026B7C /* BindingExtension.swift */,
				688B53EB299481F20008C473 /* SwiftUI_ViewExtension.swift */,
			);
			path = Extension;
			sourceTree = "<group>";
		};
		68F19D07290665AD0056819A /* Enum */ = {
			isa = PBXGroup;
			children = (
				68F19D432907B94B0056819A /* Transfer */,
				68F19D3B2907B4740056819A /* Income */,
				68F19D22290777AC0056819A /* Expenses */,
				68F19D59290907E40056819A /* BillingType.swift */,
			);
			path = Enum;
			sourceTree = "<group>";
		};
		68F19D1A29068BBF0056819A /* Preset */ = {
			isa = PBXGroup;
			children = (
				68F19D07290665AD0056819A /* Enum */,
				68F19D08290665C50056819A /* AccountType.swift */,
				68F19D1B29068C130056819A /* PresetUserDB.swift */,
			);
			path = Preset;
			sourceTree = "<group>";
		};
		68F19D22290777AC0056819A /* Expenses */ = {
			isa = PBXGroup;
			children = (
				68F19D0A290666270056819A /* ExpensesGroup.swift */,
				68F19D1E290775B10056819A /* ExpensesFood.swift */,
				68F19D20290776B70056819A /* ExpensesClothing.swift */,
				68F19D2329077CAE0056819A /* ExpensesLife.swift */,
				68F19D2529077E350056819A /* ExpensesTraffic.swift */,
				68F19D2729077FAC0056819A /* ExpensesEducate.swift */,
				68F19D2929078C170056819A /* ExpensesEntertainment.swift */,
				68F19D2B29078E210056819A /* ExpensesElectronicProduct.swift */,
				68F19D2D29078FEF0056819A /* ExpensesBook.swift */,
				68F19D2F2907916A0056819A /* ExpensesMotor.swift */,
				68F19D31290793D50056819A /* ExpensesMedical.swift */,
				68F19D33290795400056819A /* ExpensesPersonalCommunication.swift */,
				68F19D35290796E80056819A /* ExpensesInvest.swift */,
				68F19D372907ACF10056819A /* ExpensesOther.swift */,
				68F19D392907AD900056819A /* ExpensesFee.swift */,
			);
			path = Expenses;
			sourceTree = "<group>";
		};
		68F19D3B2907B4740056819A /* Income */ = {
			isa = PBXGroup;
			children = (
				68F19D412907B74F0056819A /* IncomeGroup.swift */,
				68F19D3D2907B5340056819A /* IncomeGeneral.swift */,
				68F19D3F2907B66B0056819A /* IncomeInvestment.swift */,
			);
			path = Income;
			sourceTree = "<group>";
		};
		68F19D432907B94B0056819A /* Transfer */ = {
			isa = PBXGroup;
			children = (
				68F19D442907B9690056819A /* TransferGroup.swift */,
				68F19D462907B9CA0056819A /* TransferGeneral.swift */,
			);
			path = Transfer;
			sourceTree = "<group>";
		};
		68F19D482908C22E0056819A /* AddDetailView */ = {
			isa = PBXGroup;
			children = (
				688B53E42993A0110008C473 /* AddOption */,
				688B53E129938AAE0008C473 /* Option */,
				688B53E0299388EF0008C473 /* Calculator */,
				688B53DF299388570008C473 /* Memo */,
				68F19D4E2908C3B80056819A /* ViewModel */,
				68F19D4A2908C2F70056819A /* AddDetailView.swift */,
				68F19D4C2908C39C0056819A /* AddDetailHeaderView.swift */,
				68EE3147290FC49600C3702F /* AddDetailNumberView.swift */,
			);
			path = AddDetailView;
			sourceTree = "<group>";
		};
		68F19D492908C24C0056819A /* Detail */ = {
			isa = PBXGroup;
			children = (
				22FB19EC283DFE84005DB4F9 /* DetailView */,
				68F19D482908C22E0056819A /* AddDetailView */,
			);
			path = Detail;
			sourceTree = "<group>";
		};
		68F19D4E2908C3B80056819A /* ViewModel */ = {
			isa = PBXGroup;
			children = (
				68F19D4F2908C3CB0056819A /* AddDetailViewModel.swift */,
			);
			path = ViewModel;
			sourceTree = "<group>";
		};
		8EBF6CBE719E5EE3794A8083 /* Pods */ = {
			isa = PBXGroup;
			children = (
				919F3AB81F390DB800363282 /* Pods-MoneyManager.debug.xcconfig */,
				8C7B1E61025EDD6CB4BCF84F /* Pods-MoneyManager.release.xcconfig */,
			);
			path = Pods;
			sourceTree = "<group>";
		};
/* End PBXGroup section */

/* Begin PBXNativeTarget section */
		22A2C60F2836179D0066AF0D /* MoneyManager */ = {
			isa = PBXNativeTarget;
			buildConfigurationList = 22A2C61E2836179F0066AF0D /* Build configuration list for PBXNativeTarget "MoneyManager" */;
			buildPhases = (
				A56FAC306FA47E43D99B39C1 /* [CP] Check Pods Manifest.lock */,
				6857478D291495C100026B7C /* ShellScript */,
				22A2C60C2836179D0066AF0D /* Sources */,
				22A2C60D2836179D0066AF0D /* Frameworks */,
				22A2C60E2836179D0066AF0D /* Resources */,
				C082C165EDD16465E6099A46 /* [CP] Embed Pods Frameworks */,
			);
			buildRules = (
			);
			dependencies = (
			);
			name = MoneyManager;
			packageProductDependencies = (
			);
			productName = MoneyManager;
			productReference = 22A2C6102836179D0066AF0D /* MoneyManager.app */;
			productType = "com.apple.product-type.application";
		};
/* End PBXNativeTarget section */

/* Begin PBXProject section */
		22A2C6082836179D0066AF0D /* Project object */ = {
			isa = PBXProject;
			attributes = {
				BuildIndependentTargetsInParallel = 1;
				LastSwiftUpdateCheck = 1340;
				LastUpgradeCheck = 1340;
				TargetAttributes = {
					22A2C60F2836179D0066AF0D = {
						CreatedOnToolsVersion = 13.4;
					};
				};
			};
			buildConfigurationList = 22A2C60B2836179D0066AF0D /* Build configuration list for PBXProject "MoneyManager" */;
			compatibilityVersion = "Xcode 13.0";
			developmentRegion = en;
			hasScannedForEncodings = 0;
			knownRegions = (
				en,
				Base,
				"zh-Hant",
			);
			mainGroup = 22A2C6072836179D0066AF0D;
			packageReferences = (
			);
			productRefGroup = 22A2C6112836179D0066AF0D /* Products */;
			projectDirPath = "";
			projectRoot = "";
			targets = (
				22A2C60F2836179D0066AF0D /* MoneyManager */,
			);
		};
/* End PBXProject section */

/* Begin PBXResourcesBuildPhase section */
		22A2C60E2836179D0066AF0D /* Resources */ = {
			isa = PBXResourcesBuildPhase;
			buildActionMask = 2147483647;
			files = (
				22A2C61B2836179F0066AF0D /* Preview Assets.xcassets in Resources */,
				68F19D532908C6670056819A /* Localizable.strings in Resources */,
				22A2C6182836179F0066AF0D /* Assets.xcassets in Resources */,
			);
			runOnlyForDeploymentPostprocessing = 0;
		};
/* End PBXResourcesBuildPhase section */

/* Begin PBXShellScriptBuildPhase section */
		6857478D291495C100026B7C /* ShellScript */ = {
			isa = PBXShellScriptBuildPhase;
			alwaysOutOfDate = 1;
			buildActionMask = 2147483647;
			files = (
			);
			inputFileListPaths = (
			);
			inputPaths = (
			);
			outputFileListPaths = (
			);
			outputPaths = (
				$SRCROOT/R.generated.swift,
			);
			runOnlyForDeploymentPostprocessing = 0;
			shellPath = /bin/sh;
			shellScript = "# Type a script or drag a script file from your workspace to insert its path.\n\"$PODS_ROOT/R.swift/rswift\" generate \"$SRCROOT/R.generated.swift\"\n";
		};
		A56FAC306FA47E43D99B39C1 /* [CP] Check Pods Manifest.lock */ = {
			isa = PBXShellScriptBuildPhase;
			buildActionMask = 2147483647;
			files = (
			);
			inputFileListPaths = (
			);
			inputPaths = (
				"${PODS_PODFILE_DIR_PATH}/Podfile.lock",
				"${PODS_ROOT}/Manifest.lock",
			);
			name = "[CP] Check Pods Manifest.lock";
			outputFileListPaths = (
			);
			outputPaths = (
				"$(DERIVED_FILE_DIR)/Pods-MoneyManager-checkManifestLockResult.txt",
			);
			runOnlyForDeploymentPostprocessing = 0;
			shellPath = /bin/sh;
			shellScript = "diff \"${PODS_PODFILE_DIR_PATH}/Podfile.lock\" \"${PODS_ROOT}/Manifest.lock\" > /dev/null\nif [ $? != 0 ] ; then\n    # print error to STDERR\n    echo \"error: The sandbox is not in sync with the Podfile.lock. Run 'pod install' or update your CocoaPods installation.\" >&2\n    exit 1\nfi\n# This output is used by Xcode 'outputs' to avoid re-running this script phase.\necho \"SUCCESS\" > \"${SCRIPT_OUTPUT_FILE_0}\"\n";
			showEnvVarsInLog = 0;
		};
		C082C165EDD16465E6099A46 /* [CP] Embed Pods Frameworks */ = {
			isa = PBXShellScriptBuildPhase;
			buildActionMask = 2147483647;
			files = (
			);
			inputFileListPaths = (
				"${PODS_ROOT}/Target Support Files/Pods-MoneyManager/Pods-MoneyManager-frameworks-${CONFIGURATION}-input-files.xcfilelist",
			);
			name = "[CP] Embed Pods Frameworks";
			outputFileListPaths = (
				"${PODS_ROOT}/Target Support Files/Pods-MoneyManager/Pods-MoneyManager-frameworks-${CONFIGURATION}-output-files.xcfilelist",
			);
			runOnlyForDeploymentPostprocessing = 0;
			shellPath = /bin/sh;
			shellScript = "\"${PODS_ROOT}/Target Support Files/Pods-MoneyManager/Pods-MoneyManager-frameworks.sh\"\n";
			showEnvVarsInLog = 0;
		};
/* End PBXShellScriptBuildPhase section */

/* Begin PBXSourcesBuildPhase section */
		22A2C60C2836179D0066AF0D /* Sources */ = {
			isa = PBXSourcesBuildPhase;
			buildActionMask = 2147483647;
			files = (
				68574776291392EA00026B7C /* ExpensesEducateList.swift in Sources */,
				68574772291391F600026B7C /* ExpensesLifeList.swift in Sources */,
				68EE314B2910C82700C3702F /* CalcButton.swift in Sources */,
				68574782291393C200026B7C /* ExpensesPersonalCommunicationList.swift in Sources */,
				68D7FD242919FD5900E3F4DF /* ChooseAccountView.swift in Sources */,
				68DD493F29308BA90064F3CB /* AccountDetailView.swift in Sources */,
				68574770291391A600026B7C /* ExpensesClothingList.swift in Sources */,
				68F19D19290681760056819A /* TransferTypeModel.swift in Sources */,
				68DD494229308C300064F3CB /* AccountDetailViewModel.swift in Sources */,
				68F19D0D29067DBB0056819A /* AccountModel.swift in Sources */,
				68F19D4B2908C2F70056819A /* AddDetailView.swift in Sources */,
				6857477C2913935B00026B7C /* ExpensesBookList.swift in Sources */,
				6857477E2913937C00026B7C /* ExpensesMotorList.swift in Sources */,
				22A2C6162836179D0066AF0D /* UserListView.swift in Sources */,
				6899CB6A2914DC240070681F /* TransferGroupView.swift in Sources */,
				68EE314D2910C83C00C3702F /* Operation.swift in Sources */,
				68F19D5E290BAB020056819A /* CalculatorButtonView.swift in Sources */,
				68F19D582908C9640056819A /* CalculatorView.swift in Sources */,
				68F19D0F29067F9D0056819A /* ExpensesGroupModel.swift in Sources */,
				68F19D382907ACF10056819A /* ExpensesOther.swift in Sources */,
				68329ABE29309F9A002B7905 /* AccountCellView.swift in Sources */,
				68953FBA29909B3B00624136 /* SettingView.swift in Sources */,
				22FB19EE283DFEB0005DB4F9 /* DetailView.swift in Sources */,
				22FB19F9283F7345005DB4F9 /* DetailModel.swift in Sources */,
				68F19D3A2907AD900056819A /* ExpensesFee.swift in Sources */,
				68953FC129923BFD00624136 /* CustomTransferList.swift in Sources */,
				6857479C2914BB8C00026B7C /* IncomeInvestmentList.swift in Sources */,
				68329AC02930A0F9002B7905 /* AccountHeaderView.swift in Sources */,
				68F19D502908C3CB0056819A /* AddDetailViewModel.swift in Sources */,
				68F19D32290793D50056819A /* ExpensesMedical.swift in Sources */,
				68F19D4D2908C39C0056819A /* AddDetailHeaderView.swift in Sources */,
				685747802913939C00026B7C /* ExpensesMedicalList.swift in Sources */,
				6888E2662994D18D00DB4D31 /* DetailGroupModel.swift in Sources */,
				684F13AA2951A51E00982455 /* ChartType.swift in Sources */,
				685747862913940000026B7C /* ExpensesOtherList.swift in Sources */,
				22A2C62328361CD00066AF0D /* UserCellView.swift in Sources */,
				22A2C62F28362FB10066AF0D /* RealmManager.swift in Sources */,
				6857476C2913678600026B7C /* ExpensesFoodList.swift in Sources */,
				685747882913941B00026B7C /* ExpensesFeeList.swift in Sources */,
				684F13A4295196FF00982455 /* SceneDelegate.swift in Sources */,
				22FB19F0283E10C8005DB4F9 /* DetailHeaderView.swift in Sources */,
				68953FC329923CD800624136 /* CustomIncomeList.swift in Sources */,
				68F19D2E29078FEF0056819A /* ExpensesBook.swift in Sources */,
				22A2C625283624F30066AF0D /* UserModel.swift in Sources */,
				6888E2682994D1CD00DB4D31 /* DetailTypeModel.swift in Sources */,
				68F19D422907B74F0056819A /* IncomeGroup.swift in Sources */,
				684F139C2949A97200982455 /* PieChart.swift in Sources */,
				68F19D2629077E350056819A /* ExpensesTraffic.swift in Sources */,
				68F19D5A290907E40056819A /* BillingType.swift in Sources */,
				6857478C2913A48E00026B7C /* BindingExtension.swift in Sources */,
				68F19D452907B9690056819A /* TransferGroup.swift in Sources */,
				68F19D36290796E80056819A /* ExpensesInvest.swift in Sources */,
				68F19D112906808B0056819A /* ExpensesTypeModel.swift in Sources */,
				68648DFC291C8A56004915BE /* AddAccountInfoView.swift in Sources */,
				22A2C627283625560066AF0D /* UserViewModel.swift in Sources */,
				68F19D34290795400056819A /* ExpensesPersonalCommunication.swift in Sources */,
				68B2C817291239E300F9C37F /* TransferListView.swift in Sources */,
				68F19D0B290666270056819A /* ExpensesGroup.swift in Sources */,
				68F19D2C29078E210056819A /* ExpensesElectronicProduct.swift in Sources */,
				6899CB6C2914DC780070681F /* TransferGeneralList.swift in Sources */,
				68D7FD2B291B3B8B00E3F4DF /* InitMoneyCalculatorButtonView.swift in Sources */,
				684F13B129554EBC00982455 /* DetailTools.swift in Sources */,
				68F19D1C29068C130056819A /* PresetUserDB.swift in Sources */,
				68F19D2829077FAC0056819A /* ExpensesEducate.swift in Sources */,
				68F19D5C290B60170056819A /* DoubleExtension.swift in Sources */,
				684F22DD2924BD1300550E72 /* MemoView.swift in Sources */,
				68574784291393E400026B7C /* ExpensesInvestList.swift in Sources */,
				688B53EA2993A04A0008C473 /* AddOptionViewModel.swift in Sources */,
				6857478F2914966A00026B7C /* R.generated.swift in Sources */,
				22A2C62928362D7E0066AF0D /* AddButtonView.swift in Sources */,
				68D7FD2E291B45AA00E3F4DF /* AddAccountViewModel.swift in Sources */,
				68F19D17290681470056819A /* TransferGroupModel.swift in Sources */,
				68F19D06290661D00056819A /* UserDefaultsExtension.swift in Sources */,
				688B53EC299481F20008C473 /* SwiftUI_ViewExtension.swift in Sources */,
				68F19D402907B66B0056819A /* IncomeInvestment.swift in Sources */,
				68F19D15290680ED0056819A /* IncomeTypeModel.swift in Sources */,
				68D7FD29291B38DE00E3F4DF /* InitMoneyCalculatorView.swift in Sources */,
				684F22DF2925B8D600550E72 /* MemoModel.swift in Sources */,
				68F19D2429077CAE0056819A /* ExpensesLife.swift in Sources */,
				68574774291392CA00026B7C /* ExpensesTrafficList.swift in Sources */,
				22A2C6142836179D0066AF0D /* MoneyManagerApp.swift in Sources */,
				684F139E295150C100982455 /* ChartView.swift in Sources */,
				68F19D21290776B70056819A /* ExpensesClothing.swift in Sources */,
				22FB19F5283F0578005DB4F9 /* DetailCellView.swift in Sources */,
				68F19D09290665C50056819A /* AccountType.swift in Sources */,
				6857479A2914BB5400026B7C /* IncomeGeneralList.swift in Sources */,
				68B2C8112911163300F9C37F /* ExpensesIncomeListView.swift in Sources */,
				684F13A129515C8600982455 /* ChartViewModel.swift in Sources */,
				68D7FD27291A251900E3F4DF /* AddAccountView.swift in Sources */,
				68F19D13290680C50056819A /* IncomeGroupModel.swift in Sources */,
				685747782913931000026B7C /* ExpensesEntertainmentList.swift in Sources */,
				688B53DE29923DC80008C473 /* CustomExpensesList.swift in Sources */,
				22FB19F3283E13AD005DB4F9 /* DetailViewModel.swift in Sources */,
				68EE3148290FC49600C3702F /* AddDetailNumberView.swift in Sources */,
				68F19D3E2907B5340056819A /* IncomeGeneral.swift in Sources */,
				68F19D302907916A0056819A /* ExpensesMotor.swift in Sources */,
				22FB19FE2846F51B005DB4F9 /* UserInfo.swift in Sources */,
				685747982914B8F900026B7C /* IncomeGroupView.swift in Sources */,
				68F19D1F290775B10056819A /* ExpensesFood.swift in Sources */,
				684F13AF295295DE00982455 /* ChartHeaderView.swift in Sources */,
				688B53E329939C690008C473 /* AddOptionView.swift in Sources */,
				22A2C633283631000066AF0D /* AddUserView.swift in Sources */,
				6857476929135A1F00026B7C /* ExpensesGroupView.swift in Sources */,
				68F19D472907B9CA0056819A /* TransferGeneral.swift in Sources */,
				6857478A2913975100026B7C /* ChooseTypeView.swift in Sources */,
				6857477A2913933F00026B7C /* ExpensesElectronicProductList.swift in Sources */,
				68F19D2A29078C170056819A /* ExpensesEntertainment.swift in Sources */,
			);
			runOnlyForDeploymentPostprocessing = 0;
		};
/* End PBXSourcesBuildPhase section */

/* Begin PBXVariantGroup section */
		68F19D552908C6670056819A /* Localizable.strings */ = {
			isa = PBXVariantGroup;
			children = (
				68F19D542908C6670056819A /* en */,
				68F19D562908C6900056819A /* zh-Hant */,
			);
			name = Localizable.strings;
			sourceTree = "<group>";
		};
/* End PBXVariantGroup section */

/* Begin XCBuildConfiguration section */
		22A2C61C2836179F0066AF0D /* Debug */ = {
			isa = XCBuildConfiguration;
			buildSettings = {
				ALWAYS_SEARCH_USER_PATHS = NO;
				CLANG_ANALYZER_LOCALIZABILITY_NONLOCALIZED = YES;
				CLANG_ANALYZER_NONNULL = YES;
				CLANG_ANALYZER_NUMBER_OBJECT_CONVERSION = YES_AGGRESSIVE;
				CLANG_CXX_LANGUAGE_STANDARD = "gnu++17";
				CLANG_ENABLE_MODULES = YES;
				CLANG_ENABLE_OBJC_ARC = YES;
				CLANG_ENABLE_OBJC_WEAK = YES;
				CLANG_WARN_BLOCK_CAPTURE_AUTORELEASING = YES;
				CLANG_WARN_BOOL_CONVERSION = YES;
				CLANG_WARN_COMMA = YES;
				CLANG_WARN_CONSTANT_CONVERSION = YES;
				CLANG_WARN_DEPRECATED_OBJC_IMPLEMENTATIONS = YES;
				CLANG_WARN_DIRECT_OBJC_ISA_USAGE = YES_ERROR;
				CLANG_WARN_DOCUMENTATION_COMMENTS = YES;
				CLANG_WARN_EMPTY_BODY = YES;
				CLANG_WARN_ENUM_CONVERSION = YES;
				CLANG_WARN_INFINITE_RECURSION = YES;
				CLANG_WARN_INT_CONVERSION = YES;
				CLANG_WARN_NON_LITERAL_NULL_CONVERSION = YES;
				CLANG_WARN_OBJC_IMPLICIT_RETAIN_SELF = YES;
				CLANG_WARN_OBJC_LITERAL_CONVERSION = YES;
				CLANG_WARN_OBJC_ROOT_CLASS = YES_ERROR;
				CLANG_WARN_QUOTED_INCLUDE_IN_FRAMEWORK_HEADER = YES;
				CLANG_WARN_RANGE_LOOP_ANALYSIS = YES;
				CLANG_WARN_STRICT_PROTOTYPES = YES;
				CLANG_WARN_SUSPICIOUS_MOVE = YES;
				CLANG_WARN_UNGUARDED_AVAILABILITY = YES_AGGRESSIVE;
				CLANG_WARN_UNREACHABLE_CODE = YES;
				CLANG_WARN__DUPLICATE_METHOD_MATCH = YES;
				COPY_PHASE_STRIP = NO;
				DEBUG_INFORMATION_FORMAT = dwarf;
				ENABLE_STRICT_OBJC_MSGSEND = YES;
				ENABLE_TESTABILITY = YES;
				GCC_C_LANGUAGE_STANDARD = gnu11;
				GCC_DYNAMIC_NO_PIC = NO;
				GCC_NO_COMMON_BLOCKS = YES;
				GCC_OPTIMIZATION_LEVEL = 0;
				GCC_PREPROCESSOR_DEFINITIONS = (
					"DEBUG=1",
					"$(inherited)",
				);
				GCC_WARN_64_TO_32_BIT_CONVERSION = YES;
				GCC_WARN_ABOUT_RETURN_TYPE = YES_ERROR;
				GCC_WARN_UNDECLARED_SELECTOR = YES;
				GCC_WARN_UNINITIALIZED_AUTOS = YES_AGGRESSIVE;
				GCC_WARN_UNUSED_FUNCTION = YES;
				GCC_WARN_UNUSED_VARIABLE = YES;
				IPHONEOS_DEPLOYMENT_TARGET = 15.5;
				MTL_ENABLE_DEBUG_INFO = INCLUDE_SOURCE;
				MTL_FAST_MATH = YES;
				ONLY_ACTIVE_ARCH = YES;
				SDKROOT = iphoneos;
				SWIFT_ACTIVE_COMPILATION_CONDITIONS = DEBUG;
				SWIFT_OPTIMIZATION_LEVEL = "-Onone";
			};
			name = Debug;
		};
		22A2C61D2836179F0066AF0D /* Release */ = {
			isa = XCBuildConfiguration;
			buildSettings = {
				ALWAYS_SEARCH_USER_PATHS = NO;
				CLANG_ANALYZER_LOCALIZABILITY_NONLOCALIZED = YES;
				CLANG_ANALYZER_NONNULL = YES;
				CLANG_ANALYZER_NUMBER_OBJECT_CONVERSION = YES_AGGRESSIVE;
				CLANG_CXX_LANGUAGE_STANDARD = "gnu++17";
				CLANG_ENABLE_MODULES = YES;
				CLANG_ENABLE_OBJC_ARC = YES;
				CLANG_ENABLE_OBJC_WEAK = YES;
				CLANG_WARN_BLOCK_CAPTURE_AUTORELEASING = YES;
				CLANG_WARN_BOOL_CONVERSION = YES;
				CLANG_WARN_COMMA = YES;
				CLANG_WARN_CONSTANT_CONVERSION = YES;
				CLANG_WARN_DEPRECATED_OBJC_IMPLEMENTATIONS = YES;
				CLANG_WARN_DIRECT_OBJC_ISA_USAGE = YES_ERROR;
				CLANG_WARN_DOCUMENTATION_COMMENTS = YES;
				CLANG_WARN_EMPTY_BODY = YES;
				CLANG_WARN_ENUM_CONVERSION = YES;
				CLANG_WARN_INFINITE_RECURSION = YES;
				CLANG_WARN_INT_CONVERSION = YES;
				CLANG_WARN_NON_LITERAL_NULL_CONVERSION = YES;
				CLANG_WARN_OBJC_IMPLICIT_RETAIN_SELF = YES;
				CLANG_WARN_OBJC_LITERAL_CONVERSION = YES;
				CLANG_WARN_OBJC_ROOT_CLASS = YES_ERROR;
				CLANG_WARN_QUOTED_INCLUDE_IN_FRAMEWORK_HEADER = YES;
				CLANG_WARN_RANGE_LOOP_ANALYSIS = YES;
				CLANG_WARN_STRICT_PROTOTYPES = YES;
				CLANG_WARN_SUSPICIOUS_MOVE = YES;
				CLANG_WARN_UNGUARDED_AVAILABILITY = YES_AGGRESSIVE;
				CLANG_WARN_UNREACHABLE_CODE = YES;
				CLANG_WARN__DUPLICATE_METHOD_MATCH = YES;
				COPY_PHASE_STRIP = NO;
				DEBUG_INFORMATION_FORMAT = "dwarf-with-dsym";
				ENABLE_NS_ASSERTIONS = NO;
				ENABLE_STRICT_OBJC_MSGSEND = YES;
				GCC_C_LANGUAGE_STANDARD = gnu11;
				GCC_NO_COMMON_BLOCKS = YES;
				GCC_WARN_64_TO_32_BIT_CONVERSION = YES;
				GCC_WARN_ABOUT_RETURN_TYPE = YES_ERROR;
				GCC_WARN_UNDECLARED_SELECTOR = YES;
				GCC_WARN_UNINITIALIZED_AUTOS = YES_AGGRESSIVE;
				GCC_WARN_UNUSED_FUNCTION = YES;
				GCC_WARN_UNUSED_VARIABLE = YES;
				IPHONEOS_DEPLOYMENT_TARGET = 15.5;
				MTL_ENABLE_DEBUG_INFO = NO;
				MTL_FAST_MATH = YES;
				SDKROOT = iphoneos;
				SWIFT_COMPILATION_MODE = wholemodule;
				SWIFT_OPTIMIZATION_LEVEL = "-O";
				VALIDATE_PRODUCT = YES;
			};
			name = Release;
		};
		22A2C61F2836179F0066AF0D /* Debug */ = {
			isa = XCBuildConfiguration;
			baseConfigurationReference = 919F3AB81F390DB800363282 /* Pods-MoneyManager.debug.xcconfig */;
			buildSettings = {
				ASSETCATALOG_COMPILER_APPICON_NAME = AppIcon;
				ASSETCATALOG_COMPILER_GLOBAL_ACCENT_COLOR_NAME = AccentColor;
				CODE_SIGN_STYLE = Automatic;
				CURRENT_PROJECT_VERSION = 1;
				DEVELOPMENT_ASSET_PATHS = "\"MoneyManager/Preview Content\"";
				DEVELOPMENT_TEAM = E2ZGHA3NG6;
				ENABLE_PREVIEWS = YES;
				GENERATE_INFOPLIST_FILE = YES;
				INFOPLIST_FILE = MoneyManager/Info.plist;
				INFOPLIST_KEY_UIApplicationSupportsIndirectInputEvents = YES;
				INFOPLIST_KEY_UILaunchScreen_Generation = YES;
				INFOPLIST_KEY_UISupportedInterfaceOrientations_iPad = "UIInterfaceOrientationPortrait UIInterfaceOrientationPortraitUpsideDown UIInterfaceOrientationLandscapeLeft UIInterfaceOrientationLandscapeRight";
				INFOPLIST_KEY_UISupportedInterfaceOrientations_iPhone = "UIInterfaceOrientationPortrait UIInterfaceOrientationLandscapeLeft UIInterfaceOrientationLandscapeRight";
				INFOPLIST_KEY_UIUserInterfaceStyle = Light;
				IPHONEOS_DEPLOYMENT_TARGET = 16.0;
				LD_RUNPATH_SEARCH_PATHS = (
					"$(inherited)",
					"@executable_path/Frameworks",
				);
				MARKETING_VERSION = 1.0;
				PRODUCT_BUNDLE_IDENTIFIER = com.sam.du.MoneyManager;
				PRODUCT_NAME = "$(TARGET_NAME)";
				SWIFT_EMIT_LOC_STRINGS = YES;
				SWIFT_VERSION = 5.0;
				TARGETED_DEVICE_FAMILY = "1,2";
			};
			name = Debug;
		};
		22A2C6202836179F0066AF0D /* Release */ = {
			isa = XCBuildConfiguration;
			baseConfigurationReference = 8C7B1E61025EDD6CB4BCF84F /* Pods-MoneyManager.release.xcconfig */;
			buildSettings = {
				ASSETCATALOG_COMPILER_APPICON_NAME = AppIcon;
				ASSETCATALOG_COMPILER_GLOBAL_ACCENT_COLOR_NAME = AccentColor;
				CODE_SIGN_STYLE = Automatic;
				CURRENT_PROJECT_VERSION = 1;
				DEVELOPMENT_ASSET_PATHS = "\"MoneyManager/Preview Content\"";
				DEVELOPMENT_TEAM = E2ZGHA3NG6;
				ENABLE_PREVIEWS = YES;
				GENERATE_INFOPLIST_FILE = YES;
				INFOPLIST_FILE = MoneyManager/Info.plist;
				INFOPLIST_KEY_UIApplicationSupportsIndirectInputEvents = YES;
				INFOPLIST_KEY_UILaunchScreen_Generation = YES;
				INFOPLIST_KEY_UISupportedInterfaceOrientations_iPad = "UIInterfaceOrientationPortrait UIInterfaceOrientationPortraitUpsideDown UIInterfaceOrientationLandscapeLeft UIInterfaceOrientationLandscapeRight";
				INFOPLIST_KEY_UISupportedInterfaceOrientations_iPhone = "UIInterfaceOrientationPortrait UIInterfaceOrientationLandscapeLeft UIInterfaceOrientationLandscapeRight";
				INFOPLIST_KEY_UIUserInterfaceStyle = Light;
				IPHONEOS_DEPLOYMENT_TARGET = 16.0;
				LD_RUNPATH_SEARCH_PATHS = (
					"$(inherited)",
					"@executable_path/Frameworks",
				);
				MARKETING_VERSION = 1.0;
				PRODUCT_BUNDLE_IDENTIFIER = com.sam.du.MoneyManager;
				PRODUCT_NAME = "$(TARGET_NAME)";
				SWIFT_EMIT_LOC_STRINGS = YES;
				SWIFT_VERSION = 5.0;
				TARGETED_DEVICE_FAMILY = "1,2";
			};
			name = Release;
		};
/* End XCBuildConfiguration section */

/* Begin XCConfigurationList section */
		22A2C60B2836179D0066AF0D /* Build configuration list for PBXProject "MoneyManager" */ = {
			isa = XCConfigurationList;
			buildConfigurations = (
				22A2C61C2836179F0066AF0D /* Debug */,
				22A2C61D2836179F0066AF0D /* Release */,
			);
			defaultConfigurationIsVisible = 0;
			defaultConfigurationName = Release;
		};
		22A2C61E2836179F0066AF0D /* Build configuration list for PBXNativeTarget "MoneyManager" */ = {
			isa = XCConfigurationList;
			buildConfigurations = (
				22A2C61F2836179F0066AF0D /* Debug */,
				22A2C6202836179F0066AF0D /* Release */,
			);
			defaultConfigurationIsVisible = 0;
			defaultConfigurationName = Release;
		};
/* End XCConfigurationList section */
	};
	rootObject = 22A2C6082836179D0066AF0D /* Project object */;
}
