PODS:
  - Alamofire (5.6.4)
  - Charts (4.1.0):
    - Charts/Core (= 4.1.0)
  - Charts/Core (4.1.0):
    - SwiftAlgorithms (~> 1.0)
  - Introspect (0.1.4)
  - IQKeyboardManagerSwift (6.5.11)
  - R.swift (7.2.4)
  - Realm (10.35.0):
    - Realm/Headers (= 10.35.0)
  - Realm/Headers (10.35.0)
  - RealmSwift (10.35.0):
    - Realm (= 10.35.0)
  - SwiftAlgorithms (1.0.0)
  - SwifterSwift (5.2.0):
    - SwifterSwift/AppKit (= 5.2.0)
    - SwifterSwift/CoreAnimation (= 5.2.0)
    - SwifterSwift/CoreGraphics (= 5.2.0)
    - SwifterSwift/CoreLocation (= 5.2.0)
    - SwifterSwift/Dispatch (= 5.2.0)
    - SwifterSwift/Foundation (= 5.2.0)
    - SwifterSwift/MapKit (= 5.2.0)
    - SwifterSwift/SceneKit (= 5.2.0)
    - SwifterSwift/SpriteKit (= 5.2.0)
    - SwifterSwift/StoreKit (= 5.2.0)
    - SwifterSwift/SwiftStdlib (= 5.2.0)
    - SwifterSwift/UIKit (= 5.2.0)
  - SwifterSwift/AppKit (5.2.0)
  - SwifterSwift/CoreAnimation (5.2.0)
  - SwifterSwift/CoreGraphics (5.2.0)
  - SwifterSwift/CoreLocation (5.2.0)
  - SwifterSwift/Dispatch (5.2.0)
  - SwifterSwift/Foundation (5.2.0)
  - SwifterSwift/MapKit (5.2.0)
  - SwifterSwift/SceneKit (5.2.0)
  - SwifterSwift/SpriteKit (5.2.0)
  - SwifterSwift/StoreKit (5.2.0)
  - SwifterSwift/SwiftStdlib (5.2.0)
  - SwifterSwift/UIKit (5.2.0)

DEPENDENCIES:
  - Alamofire
  - Charts
  - Introspect
  - IQKeyboardManagerSwift
  - R.swift
  - RealmSwift
  - SwifterSwift

SPEC REPOS:
  trunk:
    - Alamofire
    - Charts
    - Introspect
    - IQKeyboardManagerSwift
    - R.swift
    - Realm
    - RealmSwift
    - SwiftAlgorithms
    - SwifterSwift

SPEC CHECKSUMS:
  Alamofire: 4e95d97098eacb88856099c4fc79b526a299e48c
  Charts: 354f86803d11d9c35de280587fef50d1af063978
  Introspect: b62c4dd2063072327c21d618ef2bedc3c87bc366
  IQKeyboardManagerSwift: c7955c0bdbf7b2eb29bb7daaa44e3d90f55a9a85
  R.swift: 681bb9135f482e7a81d9d27445b837fef5467e11
  Realm: e6b04f15a814cb22aae621e7e15f2ccb27ac8f95
  RealmSwift: b358779c10ba6d2648d541f8a1bcd671f73485c1
  SwiftAlgorithms: 38dda4731d19027fdeee1125f973111bf3386b53
  SwifterSwift: 334181863c416882d97b7a60c05054d9e4d799e2

PODFILE CHECKSUM: d1afa40f4005c045e15aa64c5d4c098d5ff0fa75

COCOAPODS: 1.11.3
